
Microsoft Visual Studio Solution File, Format Version 12.00
# Visual Studio Version 16
VisualStudioVersion = 16.0.29025.244
MinimumVisualStudioVersion = 10.0.40219.1
Project("{FAE04EC0-301F-11D3-BF4B-00C04F79EFBC}") = "Phonebook", "Phonebook\Phonebook.csproj", "{B13E9125-14D2-4D9B-8761-EBA74EAE4B05}"
EndProject
Global
	GlobalSection(SolutionConfigurationPlatforms) = preSolution
		Debug|Any CPU = Debug|Any CPU
		Release|Any CPU = Release|Any CPU
	EndGlobalSection
	GlobalSection(ProjectConfigurationPlatforms) = postSolution
		{B13E9125-14D2-4D9B-8761-EBA74EAE4B05}.Debug|Any CPU.ActiveCfg = Debug|Any CPU
		{B13E9125-14D2-4D9B-8761-EBA74EAE4B05}.Debug|Any CPU.Build.0 = Debug|Any CPU
		{B13E9125-14D2-4D9B-8761-EBA74EAE4B05}.Release|Any CPU.ActiveCfg = Release|Any CPU
		{B13E9125-14D2-4D9B-8761-EBA74EAE4B05}.Release|Any CPU.Build.0 = Release|Any CPU
	EndGlobalSection
	GlobalSection(SolutionProperties) = preSolution
		HideSolutionNode = FALSE
	EndGlobalSection
	GlobalSection(ExtensibilityGlobals) = postSolution
		SolutionGuid = {8E00D901-E0DE-4692-B5C9-4E961AF4F359}
	EndGlobalSection
EndGlobal
